
Microsoft Visual Studio Solution File, Format Version 12.00
# Visual Studio Version 16
VisualStudioVersion = 16.0.31321.278
MinimumVisualStudioVersion = 10.0.40219.1
Project("{FAE04EC0-301F-11D3-BF4B-00C04F79EFBC}") = "KeyPressShow", "KeyPressShow\KeyPressShow.csproj", "{F4AE33C4-8327-4958-9AA9-62B9000B9805}"
EndProject
Global
	GlobalSection(SolutionConfigurationPlatforms) = preSolution
		Debug|Any CPU = Debug|Any CPU
		Release|Any CPU = Release|Any CPU
	EndGlobalSection
	GlobalSection(ProjectConfigurationPlatforms) = postSolution
		{F4AE33C4-8327-4958-9AA9-62B9000B9805}.Debug|Any CPU.ActiveCfg = Debug|Any CPU
		{F4AE33C4-8327-4958-9AA9-62B9000B9805}.Debug|Any CPU.Build.0 = Debug|Any CPU
		{F4AE33C4-8327-4958-9AA9-62B9000B9805}.Release|Any CPU.ActiveCfg = Release|Any CPU
		{F4AE33C4-8327-4958-9AA9-62B9000B9805}.Release|Any CPU.Build.0 = Release|Any CPU
	EndGlobalSection
	GlobalSection(SolutionProperties) = preSolution
		HideSolutionNode = FALSE
	EndGlobalSection
	GlobalSection(ExtensibilityGlobals) = postSolution
		SolutionGuid = {179C4C4B-1B00-4760-B055-5192E72868DB}
	EndGlobalSection
EndGlobal
